
Microsoft Visual Studio Solution File, Format Version 12.00
# Visual Studio Version 17
VisualStudioVersion = 17.5.33414.496
MinimumVisualStudioVersion = 10.0.40219.1
Project("{FAE04EC0-301F-11D3-BF4B-00C04F79EFBC}") = "project 1", "project 1\project 1.csproj", "{95763295-146F-4D37-BEAE-91B0EAEFEAE9}"
EndProject
Global
	GlobalSection(SolutionConfigurationPlatforms) = preSolution
		Debug|Any CPU = Debug|Any CPU
		Release|Any CPU = Release|Any CPU
	EndGlobalSection
	GlobalSection(ProjectConfigurationPlatforms) = postSolution
		{95763295-146F-4D37-BEAE-91B0EAEFEAE9}.Debug|Any CPU.ActiveCfg = Debug|Any CPU
		{95763295-146F-4D37-BEAE-91B0EAEFEAE9}.Debug|Any CPU.Build.0 = Debug|Any CPU
		{95763295-146F-4D37-BEAE-91B0EAEFEAE9}.Release|Any CPU.ActiveCfg = Release|Any CPU
		{95763295-146F-4D37-BEAE-91B0EAEFEAE9}.Release|Any CPU.Build.0 = Release|Any CPU
	EndGlobalSection
	GlobalSection(SolutionProperties) = preSolution
		HideSolutionNode = FALSE
	EndGlobalSection
	GlobalSection(ExtensibilityGlobals) = postSolution
		SolutionGuid = {87355727-A9A0-45D0-B14E-CEE5B3789C95}
	EndGlobalSection
EndGlobal
